// !$*UTF8*$!
{
	archiveVersion = 1;
	classes = {
	};
	objectVersion = 56;
	objects = {

/* Begin PBXBuildFile section */
		320D31E1294FD4A700AADC89 /* Day11.swift in Sources */ = {isa = PBXBuildFile; fileRef = 320D31E0294FD4A700AADC89 /* Day11.swift */; };
		320D31E3294FD53100AADC89 /* Day12.swift in Sources */ = {isa = PBXBuildFile; fileRef = 320D31E2294FD53100AADC89 /* Day12.swift */; };
		3231D52929465E9500DCD86E /* Day4.swift in Sources */ = {isa = PBXBuildFile; fileRef = 3231D52829465E9500DCD86E /* Day4.swift */; };
		3231D52B2946660E00DCD86E /* Day5.swift in Sources */ = {isa = PBXBuildFile; fileRef = 3231D52A2946660E00DCD86E /* Day5.swift */; };
		3231D52D29467FE600DCD86E /* Day6.swift in Sources */ = {isa = PBXBuildFile; fileRef = 3231D52C29467FE500DCD86E /* Day6.swift */; };
		327FDF9D29464FF4005262CD /* Day3.swift in Sources */ = {isa = PBXBuildFile; fileRef = 327FDF9C29464FF4005262CD /* Day3.swift */; };
		32CF77C9294FE7BB00BAA121 /* Day13.swift in Sources */ = {isa = PBXBuildFile; fileRef = 32CF77C8294FE7BB00BAA121 /* Day13.swift */; };
		32E3BE6D293AB0390048FFB3 /* main.swift in Sources */ = {isa = PBXBuildFile; fileRef = 32E3BE6C293AB0390048FFB3 /* main.swift */; };
		32E3BE75293AB04F0048FFB3 /* Day1.swift in Sources */ = {isa = PBXBuildFile; fileRef = 32E3BE74293AB04F0048FFB3 /* Day1.swift */; };
		32E3BE78293AB0A20048FFB3 /* Day.swift in Sources */ = {isa = PBXBuildFile; fileRef = 32E3BE77293AB0A20048FFB3 /* Day.swift */; };
		32E3BE7A293AB3C30048FFB3 /* Day2.swift in Sources */ = {isa = PBXBuildFile; fileRef = 32E3BE79293AB3C30048FFB3 /* Day2.swift */; };
		32EDA46E294A4330008325F1 /* Day10.swift in Sources */ = {isa = PBXBuildFile; fileRef = 32EDA46D294A4330008325F1 /* Day10.swift */; };
		32EE82B72949118000A0B2E5 /* Day8.swift in Sources */ = {isa = PBXBuildFile; fileRef = 32EE82B62949118000A0B2E5 /* Day8.swift */; };
		32EE82B92949261700A0B2E5 /* Day9.swift in Sources */ = {isa = PBXBuildFile; fileRef = 32EE82B82949261700A0B2E5 /* Day9.swift */; };
		32FD0D4E294694C7004078EC /* Day7.swift in Sources */ = {isa = PBXBuildFile; fileRef = 32FD0D4D294694C7004078EC /* Day7.swift */; };
/* End PBXBuildFile section */

/* Begin PBXCopyFilesBuildPhase section */
		32E3BE67293AB0390048FFB3 /* CopyFiles */ = {
			isa = PBXCopyFilesBuildPhase;
			buildActionMask = 2147483647;
			dstPath = /usr/share/man/man1/;
			dstSubfolderSpec = 0;
			files = (
			);
			runOnlyForDeploymentPostprocessing = 1;
		};
/* End PBXCopyFilesBuildPhase section */

/* Begin PBXFileReference section */
		320D31E0294FD4A700AADC89 /* Day11.swift */ = {isa = PBXFileReference; lastKnownFileType = sourcecode.swift; path = Day11.swift; sourceTree = "<group>"; };
		320D31E2294FD53100AADC89 /* Day12.swift */ = {isa = PBXFileReference; lastKnownFileType = sourcecode.swift; path = Day12.swift; sourceTree = "<group>"; };
		3231D52829465E9500DCD86E /* Day4.swift */ = {isa = PBXFileReference; lastKnownFileType = sourcecode.swift; path = Day4.swift; sourceTree = "<group>"; };
		3231D52A2946660E00DCD86E /* Day5.swift */ = {isa = PBXFileReference; lastKnownFileType = sourcecode.swift; path = Day5.swift; sourceTree = "<group>"; };
		3231D52C29467FE500DCD86E /* Day6.swift */ = {isa = PBXFileReference; lastKnownFileType = sourcecode.swift; path = Day6.swift; sourceTree = "<group>"; };
		327FDF9C29464FF4005262CD /* Day3.swift */ = {isa = PBXFileReference; lastKnownFileType = sourcecode.swift; path = Day3.swift; sourceTree = "<group>"; };
		32CF77C8294FE7BB00BAA121 /* Day13.swift */ = {isa = PBXFileReference; lastKnownFileType = sourcecode.swift; path = Day13.swift; sourceTree = "<group>"; };
		32E3BE69293AB0390048FFB3 /* AdventOfCode2022 */ = {isa = PBXFileReference; explicitFileType = "compiled.mach-o.executable"; includeInIndex = 0; path = AdventOfCode2022; sourceTree = BUILT_PRODUCTS_DIR; };
		32E3BE6C293AB0390048FFB3 /* main.swift */ = {isa = PBXFileReference; lastKnownFileType = sourcecode.swift; path = main.swift; sourceTree = "<group>"; };
		32E3BE74293AB04F0048FFB3 /* Day1.swift */ = {isa = PBXFileReference; lastKnownFileType = sourcecode.swift; path = Day1.swift; sourceTree = "<group>"; };
		32E3BE76293AB0810048FFB3 /* README.md */ = {isa = PBXFileReference; lastKnownFileType = net.daringfireball.markdown; path = README.md; sourceTree = "<group>"; };
		32E3BE77293AB0A20048FFB3 /* Day.swift */ = {isa = PBXFileReference; lastKnownFileType = sourcecode.swift; path = Day.swift; sourceTree = "<group>"; };
		32E3BE79293AB3C30048FFB3 /* Day2.swift */ = {isa = PBXFileReference; lastKnownFileType = sourcecode.swift; path = Day2.swift; sourceTree = "<group>"; };
		32EDA46D294A4330008325F1 /* Day10.swift */ = {isa = PBXFileReference; lastKnownFileType = sourcecode.swift; path = Day10.swift; sourceTree = "<group>"; };
		32EE82B62949118000A0B2E5 /* Day8.swift */ = {isa = PBXFileReference; lastKnownFileType = sourcecode.swift; path = Day8.swift; sourceTree = "<group>"; };
		32EE82B82949261700A0B2E5 /* Day9.swift */ = {isa = PBXFileReference; lastKnownFileType = sourcecode.swift; path = Day9.swift; sourceTree = "<group>"; };
		32FD0D4D294694C7004078EC /* Day7.swift */ = {isa = PBXFileReference; lastKnownFileType = sourcecode.swift; path = Day7.swift; sourceTree = "<group>"; };
/* End PBXFileReference section */

/* Begin PBXFrameworksBuildPhase section */
		32E3BE66293AB0390048FFB3 /* Frameworks */ = {
			isa = PBXFrameworksBuildPhase;
			buildActionMask = 2147483647;
			files = (
			);
			runOnlyForDeploymentPostprocessing = 0;
		};
/* End PBXFrameworksBuildPhase section */

/* Begin PBXGroup section */
		32E3BE60293AB0390048FFB3 = {
			isa = PBXGroup;
			children = (
				32E3BE76293AB0810048FFB3 /* README.md */,
				32E3BE6B293AB0390048FFB3 /* AdventOfCode2022 */,
				32E3BE6A293AB0390048FFB3 /* Products */,
			);
			sourceTree = "<group>";
		};
		32E3BE6A293AB0390048FFB3 /* Products */ = {
			isa = PBXGroup;
			children = (
				32E3BE69293AB0390048FFB3 /* AdventOfCode2022 */,
			);
			name = Products;
			sourceTree = "<group>";
		};
		32E3BE6B293AB0390048FFB3 /* AdventOfCode2022 */ = {
			isa = PBXGroup;
			children = (
				32E3BE6C293AB0390048FFB3 /* main.swift */,
				32E3BE77293AB0A20048FFB3 /* Day.swift */,
				32E3BE73293AB03F0048FFB3 /* Calendar */,
			);
			path = AdventOfCode2022;
			sourceTree = "<group>";
		};
		32E3BE73293AB03F0048FFB3 /* Calendar */ = {
			isa = PBXGroup;
			children = (
				32E3BE74293AB04F0048FFB3 /* Day1.swift */,
				32E3BE79293AB3C30048FFB3 /* Day2.swift */,
				327FDF9C29464FF4005262CD /* Day3.swift */,
				3231D52829465E9500DCD86E /* Day4.swift */,
				3231D52A2946660E00DCD86E /* Day5.swift */,
				3231D52C29467FE500DCD86E /* Day6.swift */,
				32FD0D4D294694C7004078EC /* Day7.swift */,
				32EE82B62949118000A0B2E5 /* Day8.swift */,
				32EE82B82949261700A0B2E5 /* Day9.swift */,
				32EDA46D294A4330008325F1 /* Day10.swift */,
				320D31E0294FD4A700AADC89 /* Day11.swift */,
				320D31E2294FD53100AADC89 /* Day12.swift */,
				32CF77C8294FE7BB00BAA121 /* Day13.swift */,
			);
			path = Calendar;
			sourceTree = "<group>";
		};
/* End PBXGroup section */

/* Begin PBXNativeTarget section */
		32E3BE68293AB0390048FFB3 /* AdventOfCode2022 */ = {
			isa = PBXNativeTarget;
			buildConfigurationList = 32E3BE70293AB0390048FFB3 /* Build configuration list for PBXNativeTarget "AdventOfCode2022" */;
			buildPhases = (
				32E3BE65293AB0390048FFB3 /* Sources */,
				32E3BE66293AB0390048FFB3 /* Frameworks */,
				32E3BE67293AB0390048FFB3 /* CopyFiles */,
			);
			buildRules = (
			);
			dependencies = (
			);
			name = AdventOfCode2022;
			productName = AdventOfCode2022;
			productReference = 32E3BE69293AB0390048FFB3 /* AdventOfCode2022 */;
			productType = "com.apple.product-type.tool";
		};
/* End PBXNativeTarget section */

/* Begin PBXProject section */
		32E3BE61293AB0390048FFB3 /* Project object */ = {
			isa = PBXProject;
			attributes = {
				BuildIndependentTargetsInParallel = 1;
				LastSwiftUpdateCheck = 1410;
				LastUpgradeCheck = 1410;
				TargetAttributes = {
					32E3BE68293AB0390048FFB3 = {
						CreatedOnToolsVersion = 14.1;
					};
				};
			};
			buildConfigurationList = 32E3BE64293AB0390048FFB3 /* Build configuration list for PBXProject "AdventOfCode2022" */;
			compatibilityVersion = "Xcode 14.0";
			developmentRegion = en;
			hasScannedForEncodings = 0;
			knownRegions = (
				en,
				Base,
			);
			mainGroup = 32E3BE60293AB0390048FFB3;
			productRefGroup = 32E3BE6A293AB0390048FFB3 /* Products */;
			projectDirPath = "";
			projectRoot = "";
			targets = (
				32E3BE68293AB0390048FFB3 /* AdventOfCode2022 */,
			);
		};
/* End PBXProject section */

/* Begin PBXSourcesBuildPhase section */
		32E3BE65293AB0390048FFB3 /* Sources */ = {
			isa = PBXSourcesBuildPhase;
			buildActionMask = 2147483647;
			files = (
				32E3BE75293AB04F0048FFB3 /* Day1.swift in Sources */,
				320D31E1294FD4A700AADC89 /* Day11.swift in Sources */,
				32EE82B72949118000A0B2E5 /* Day8.swift in Sources */,
				3231D52D29467FE600DCD86E /* Day6.swift in Sources */,
				3231D52B2946660E00DCD86E /* Day5.swift in Sources */,
				3231D52929465E9500DCD86E /* Day4.swift in Sources */,
				32EDA46E294A4330008325F1 /* Day10.swift in Sources */,
				327FDF9D29464FF4005262CD /* Day3.swift in Sources */,
				32CF77C9294FE7BB00BAA121 /* Day13.swift in Sources */,
				32EE82B92949261700A0B2E5 /* Day9.swift in Sources */,
				32E3BE7A293AB3C30048FFB3 /* Day2.swift in Sources */,
				32E3BE6D293AB0390048FFB3 /* main.swift in Sources */,
				320D31E3294FD53100AADC89 /* Day12.swift in Sources */,
				32FD0D4E294694C7004078EC /* Day7.swift in Sources */,
				32E3BE78293AB0A20048FFB3 /* Day.swift in Sources */,
			);
			runOnlyForDeploymentPostprocessing = 0;
		};
/* End PBXSourcesBuildPhase section */

/* Begin XCBuildConfiguration section */
		32E3BE6E293AB0390048FFB3 /* Debug */ = {
			isa = XCBuildConfiguration;
			buildSettings = {
				ALWAYS_SEARCH_USER_PATHS = NO;
				CLANG_ANALYZER_NONNULL = YES;
				CLANG_ANALYZER_NUMBER_OBJECT_CONVERSION = YES_AGGRESSIVE;
				CLANG_CXX_LANGUAGE_STANDARD = "gnu++20";
				CLANG_ENABLE_MODULES = YES;
				CLANG_ENABLE_OBJC_ARC = YES;
				CLANG_ENABLE_OBJC_WEAK = YES;
				CLANG_WARN_BLOCK_CAPTURE_AUTORELEASING = YES;
				CLANG_WARN_BOOL_CONVERSION = YES;
				CLANG_WARN_COMMA = YES;
				CLANG_WARN_CONSTANT_CONVERSION = YES;
				CLANG_WARN_DEPRECATED_OBJC_IMPLEMENTATIONS = YES;
				CLANG_WARN_DIRECT_OBJC_ISA_USAGE = YES_ERROR;
				CLANG_WARN_DOCUMENTATION_COMMENTS = YES;
				CLANG_WARN_EMPTY_BODY = YES;
				CLANG_WARN_ENUM_CONVERSION = YES;
				CLANG_WARN_INFINITE_RECURSION = YES;
				CLANG_WARN_INT_CONVERSION = YES;
				CLANG_WARN_NON_LITERAL_NULL_CONVERSION = YES;
				CLANG_WARN_OBJC_IMPLICIT_RETAIN_SELF = YES;
				CLANG_WARN_OBJC_LITERAL_CONVERSION = YES;
				CLANG_WARN_OBJC_ROOT_CLASS = YES_ERROR;
				CLANG_WARN_QUOTED_INCLUDE_IN_FRAMEWORK_HEADER = YES;
				CLANG_WARN_RANGE_LOOP_ANALYSIS = YES;
				CLANG_WARN_STRICT_PROTOTYPES = YES;
				CLANG_WARN_SUSPICIOUS_MOVE = YES;
				CLANG_WARN_UNGUARDED_AVAILABILITY = YES_AGGRESSIVE;
				CLANG_WARN_UNREACHABLE_CODE = YES;
				CLANG_WARN__DUPLICATE_METHOD_MATCH = YES;
				COPY_PHASE_STRIP = NO;
				DEBUG_INFORMATION_FORMAT = dwarf;
				ENABLE_STRICT_OBJC_MSGSEND = YES;
				ENABLE_TESTABILITY = YES;
				GCC_C_LANGUAGE_STANDARD = gnu11;
				GCC_DYNAMIC_NO_PIC = NO;
				GCC_NO_COMMON_BLOCKS = YES;
				GCC_OPTIMIZATION_LEVEL = 0;
				GCC_PREPROCESSOR_DEFINITIONS = (
					"DEBUG=1",
					"$(inherited)",
				);
				GCC_WARN_64_TO_32_BIT_CONVERSION = YES;
				GCC_WARN_ABOUT_RETURN_TYPE = YES_ERROR;
				GCC_WARN_UNDECLARED_SELECTOR = YES;
				GCC_WARN_UNINITIALIZED_AUTOS = YES_AGGRESSIVE;
				GCC_WARN_UNUSED_FUNCTION = YES;
				GCC_WARN_UNUSED_VARIABLE = YES;
				MACOSX_DEPLOYMENT_TARGET = 13.1;
				MTL_ENABLE_DEBUG_INFO = INCLUDE_SOURCE;
				MTL_FAST_MATH = YES;
				ONLY_ACTIVE_ARCH = YES;
				SDKROOT = macosx;
				SWIFT_ACTIVE_COMPILATION_CONDITIONS = DEBUG;
				SWIFT_OPTIMIZATION_LEVEL = "-Onone";
			};
			name = Debug;
		};
		32E3BE6F293AB0390048FFB3 /* Release */ = {
			isa = XCBuildConfiguration;
			buildSettings = {
				ALWAYS_SEARCH_USER_PATHS = NO;
				CLANG_ANALYZER_NONNULL = YES;
				CLANG_ANALYZER_NUMBER_OBJECT_CONVERSION = YES_AGGRESSIVE;
				CLANG_CXX_LANGUAGE_STANDARD = "gnu++20";
				CLANG_ENABLE_MODULES = YES;
				CLANG_ENABLE_OBJC_ARC = YES;
				CLANG_ENABLE_OBJC_WEAK = YES;
				CLANG_WARN_BLOCK_CAPTURE_AUTORELEASING = YES;
				CLANG_WARN_BOOL_CONVERSION = YES;
				CLANG_WARN_COMMA = YES;
				CLANG_WARN_CONSTANT_CONVERSION = YES;
				CLANG_WARN_DEPRECATED_OBJC_IMPLEMENTATIONS = YES;
				CLANG_WARN_DIRECT_OBJC_ISA_USAGE = YES_ERROR;
				CLANG_WARN_DOCUMENTATION_COMMENTS = YES;
				CLANG_WARN_EMPTY_BODY = YES;
				CLANG_WARN_ENUM_CONVERSION = YES;
				CLANG_WARN_INFINITE_RECURSION = YES;
				CLANG_WARN_INT_CONVERSION = YES;
				CLANG_WARN_NON_LITERAL_NULL_CONVERSION = YES;
				CLANG_WARN_OBJC_IMPLICIT_RETAIN_SELF = YES;
				CLANG_WARN_OBJC_LITERAL_CONVERSION = YES;
				CLANG_WARN_OBJC_ROOT_CLASS = YES_ERROR;
				CLANG_WARN_QUOTED_INCLUDE_IN_FRAMEWORK_HEADER = YES;
				CLANG_WARN_RANGE_LOOP_ANALYSIS = YES;
				CLANG_WARN_STRICT_PROTOTYPES = YES;
				CLANG_WARN_SUSPICIOUS_MOVE = YES;
				CLANG_WARN_UNGUARDED_AVAILABILITY = YES_AGGRESSIVE;
				CLANG_WARN_UNREACHABLE_CODE = YES;
				CLANG_WARN__DUPLICATE_METHOD_MATCH = YES;
				COPY_PHASE_STRIP = NO;
				DEBUG_INFORMATION_FORMAT = "dwarf-with-dsym";
				ENABLE_NS_ASSERTIONS = NO;
				ENABLE_STRICT_OBJC_MSGSEND = YES;
				GCC_C_LANGUAGE_STANDARD = gnu11;
				GCC_NO_COMMON_BLOCKS = YES;
				GCC_WARN_64_TO_32_BIT_CONVERSION = YES;
				GCC_WARN_ABOUT_RETURN_TYPE = YES_ERROR;
				GCC_WARN_UNDECLARED_SELECTOR = YES;
				GCC_WARN_UNINITIALIZED_AUTOS = YES_AGGRESSIVE;
				GCC_WARN_UNUSED_FUNCTION = YES;
				GCC_WARN_UNUSED_VARIABLE = YES;
				MACOSX_DEPLOYMENT_TARGET = 13.1;
				MTL_ENABLE_DEBUG_INFO = NO;
				MTL_FAST_MATH = YES;
				SDKROOT = macosx;
				SWIFT_COMPILATION_MODE = wholemodule;
				SWIFT_OPTIMIZATION_LEVEL = "-O";
			};
			name = Release;
		};
		32E3BE71293AB0390048FFB3 /* Debug */ = {
			isa = XCBuildConfiguration;
			buildSettings = {
				"CODE_SIGN_IDENTITY[sdk=macosx*]" = "Apple Development";
				CODE_SIGN_STYLE = Automatic;
				DEVELOPMENT_TEAM = TZ5YSJH8XE;
				ENABLE_HARDENED_RUNTIME = YES;
				PRODUCT_NAME = "$(TARGET_NAME)";
				SWIFT_VERSION = 5.0;
			};
			name = Debug;
		};
		32E3BE72293AB0390048FFB3 /* Release */ = {
			isa = XCBuildConfiguration;
			buildSettings = {
				"CODE_SIGN_IDENTITY[sdk=macosx*]" = "Apple Development";
				CODE_SIGN_STYLE = Automatic;
				DEVELOPMENT_TEAM = TZ5YSJH8XE;
				ENABLE_HARDENED_RUNTIME = YES;
				PRODUCT_NAME = "$(TARGET_NAME)";
				SWIFT_VERSION = 5.0;
			};
			name = Release;
		};
/* End XCBuildConfiguration section */

/* Begin XCConfigurationList section */
		32E3BE64293AB0390048FFB3 /* Build configuration list for PBXProject "AdventOfCode2022" */ = {
			isa = XCConfigurationList;
			buildConfigurations = (
				32E3BE6E293AB0390048FFB3 /* Debug */,
				32E3BE6F293AB0390048FFB3 /* Release */,
			);
			defaultConfigurationIsVisible = 0;
			defaultConfigurationName = Release;
		};
		32E3BE70293AB0390048FFB3 /* Build configuration list for PBXNativeTarget "AdventOfCode2022" */ = {
			isa = XCConfigurationList;
			buildConfigurations = (
				32E3BE71293AB0390048FFB3 /* Debug */,
				32E3BE72293AB0390048FFB3 /* Release */,
			);
			defaultConfigurationIsVisible = 0;
			defaultConfigurationName = Release;
		};
/* End XCConfigurationList section */
	};
	rootObject = 32E3BE61293AB0390048FFB3 /* Project object */;
}
